
Microsoft Visual Studio Solution File, Format Version 11.00
# Visual Studio 2010
Project("{2150E333-8FDC-42A3-9474-1A3956D46DE8}") = "Solution Items", "Solution Items", "{A9B97C39-C5AE-4599-915A-0BA8565E0613}"
	ProjectSection(SolutionItems) = preProject
		Core\License.txt = Core\License.txt
		Core\Readme.txt = Core\Readme.txt
	EndProjectSection
EndProject
Project("{FAE04EC0-301F-11D3-BF4B-00C04F79EFBC}") = "Core", "Core\Core.csproj", "{217E2D34-F6DF-431B-AC5A-B368F481A530}"
EndProject
Project("{FAE04EC0-301F-11D3-BF4B-00C04F79EFBC}") = "UnitTests", "UnitTests\UnitTests.csproj", "{D6E231B3-28D9-4F73-9586-738FB528B4DB}"
EndProject
Project("{FAE04EC0-301F-11D3-BF4B-00C04F79EFBC}") = "ConsoleApplication1", "ConsoleApplication1\ConsoleApplication1.csproj", "{6D605071-3C41-417B-9B5C-C0948636DBA1}"
EndProject
Project("{FAE04EC0-301F-11D3-BF4B-00C04F79EFBC}") = "ConsoleApplication2", "ConsoleApplication2\ConsoleApplication2.csproj", "{B37780E8-BEA6-4A13-8196-F0F70B6C1616}"
EndProject
Project("{FAE04EC0-301F-11D3-BF4B-00C04F79EFBC}") = "WebApplication2", "WebApplication2\WebApplication2.csproj", "{FF4445C1-5B48-431D-8BCA-55941B846FE4}"
EndProject
Global
	GlobalSection(SolutionConfigurationPlatforms) = preSolution
		AutomatedDebug|Any CPU = AutomatedDebug|Any CPU
		AutomatedDebug|Mixed Platforms = AutomatedDebug|Mixed Platforms
		AutomatedDebug|x86 = AutomatedDebug|x86
		ChromeTesting|Any CPU = ChromeTesting|Any CPU
		ChromeTesting|Mixed Platforms = ChromeTesting|Mixed Platforms
		ChromeTesting|x86 = ChromeTesting|x86
		Debug (.Net 3.5)|Any CPU = Debug (.Net 3.5)|Any CPU
		Debug (.Net 3.5)|Mixed Platforms = Debug (.Net 3.5)|Mixed Platforms
		Debug (.Net 3.5)|x86 = Debug (.Net 3.5)|x86
		Debug (.Net 4.0)|Any CPU = Debug (.Net 4.0)|Any CPU
		Debug (.Net 4.0)|Mixed Platforms = Debug (.Net 4.0)|Mixed Platforms
		Debug (.Net 4.0)|x86 = Debug (.Net 4.0)|x86
		Debug|Any CPU = Debug|Any CPU
		Debug|Mixed Platforms = Debug|Mixed Platforms
		Debug|x86 = Debug|x86
		Release (.Net 3.5)|Any CPU = Release (.Net 3.5)|Any CPU
		Release (.Net 3.5)|Mixed Platforms = Release (.Net 3.5)|Mixed Platforms
		Release (.Net 3.5)|x86 = Release (.Net 3.5)|x86
		Release (.Net 4.0)|Any CPU = Release (.Net 4.0)|Any CPU
		Release (.Net 4.0)|Mixed Platforms = Release (.Net 4.0)|Mixed Platforms
		Release (.Net 4.0)|x86 = Release (.Net 4.0)|x86
		Release|Any CPU = Release|Any CPU
		Release|Mixed Platforms = Release|Mixed Platforms
		Release|x86 = Release|x86
	EndGlobalSection
	GlobalSection(ProjectConfigurationPlatforms) = postSolution
		{217E2D34-F6DF-431B-AC5A-B368F481A530}.AutomatedDebug|Any CPU.ActiveCfg = AutomatedDebug|Any CPU
		{217E2D34-F6DF-431B-AC5A-B368F481A530}.AutomatedDebug|Any CPU.Build.0 = AutomatedDebug|Any CPU
		{217E2D34-F6DF-431B-AC5A-B368F481A530}.AutomatedDebug|Mixed Platforms.ActiveCfg = AutomatedDebug|Any CPU
		{217E2D34-F6DF-431B-AC5A-B368F481A530}.AutomatedDebug|Mixed Platforms.Build.0 = AutomatedDebug|Any CPU
		{217E2D34-F6DF-431B-AC5A-B368F481A530}.AutomatedDebug|x86.ActiveCfg = AutomatedDebug|Any CPU
		{217E2D34-F6DF-431B-AC5A-B368F481A530}.ChromeTesting|Any CPU.ActiveCfg = Release (.Net 4.0)|Any CPU
		{217E2D34-F6DF-431B-AC5A-B368F481A530}.ChromeTesting|Any CPU.Build.0 = Release (.Net 4.0)|Any CPU
		{217E2D34-F6DF-431B-AC5A-B368F481A530}.ChromeTesting|Mixed Platforms.ActiveCfg = AutomatedDebug|Any CPU
		{217E2D34-F6DF-431B-AC5A-B368F481A530}.ChromeTesting|Mixed Platforms.Build.0 = AutomatedDebug|Any CPU
		{217E2D34-F6DF-431B-AC5A-B368F481A530}.ChromeTesting|x86.ActiveCfg = AutomatedDebug|Any CPU
		{217E2D34-F6DF-431B-AC5A-B368F481A530}.Debug (.Net 3.5)|Any CPU.ActiveCfg = Debug (.Net 4.0)|Any CPU
		{217E2D34-F6DF-431B-AC5A-B368F481A530}.Debug (.Net 3.5)|Any CPU.Build.0 = Debug (.Net 4.0)|Any CPU
		{217E2D34-F6DF-431B-AC5A-B368F481A530}.Debug (.Net 3.5)|Mixed Platforms.ActiveCfg = Debug (.Net 4.0)|Any CPU
		{217E2D34-F6DF-431B-AC5A-B368F481A530}.Debug (.Net 3.5)|Mixed Platforms.Build.0 = Debug (.Net 4.0)|Any CPU
		{217E2D34-F6DF-431B-AC5A-B368F481A530}.Debug (.Net 3.5)|x86.ActiveCfg = Debug (.Net 4.0)|Any CPU
		{217E2D34-F6DF-431B-AC5A-B368F481A530}.Debug (.Net 4.0)|Any CPU.ActiveCfg = Debug (.Net 4.0)|Any CPU
		{217E2D34-F6DF-431B-AC5A-B368F481A530}.Debug (.Net 4.0)|Any CPU.Build.0 = Debug (.Net 4.0)|Any CPU
		{217E2D34-F6DF-431B-AC5A-B368F481A530}.Debug (.Net 4.0)|Mixed Platforms.ActiveCfg = Debug (.Net 4.0)|Any CPU
		{217E2D34-F6DF-431B-AC5A-B368F481A530}.Debug (.Net 4.0)|Mixed Platforms.Build.0 = Debug (.Net 4.0)|Any CPU
		{217E2D34-F6DF-431B-AC5A-B368F481A530}.Debug (.Net 4.0)|x86.ActiveCfg = Debug (.Net 4.0)|Any CPU
		{217E2D34-F6DF-431B-AC5A-B368F481A530}.Debug|Any CPU.ActiveCfg = AutomatedDebug|Any CPU
		{217E2D34-F6DF-431B-AC5A-B368F481A530}.Debug|Any CPU.Build.0 = AutomatedDebug|Any CPU
		{217E2D34-F6DF-431B-AC5A-B368F481A530}.Debug|Mixed Platforms.ActiveCfg = Debug (.Net 4.0)|Any CPU
		{217E2D34-F6DF-431B-AC5A-B368F481A530}.Debug|Mixed Platforms.Build.0 = Debug (.Net 4.0)|Any CPU
		{217E2D34-F6DF-431B-AC5A-B368F481A530}.Debug|x86.ActiveCfg = Debug (.Net 4.0)|Any CPU
		{217E2D34-F6DF-431B-AC5A-B368F481A530}.Release (.Net 3.5)|Any CPU.ActiveCfg = Release (.Net 4.0)|Any CPU
		{217E2D34-F6DF-431B-AC5A-B368F481A530}.Release (.Net 3.5)|Any CPU.Build.0 = Release (.Net 4.0)|Any CPU
		{217E2D34-F6DF-431B-AC5A-B368F481A530}.Release (.Net 3.5)|Mixed Platforms.ActiveCfg = Release (.Net 4.0)|Any CPU
		{217E2D34-F6DF-431B-AC5A-B368F481A530}.Release (.Net 3.5)|Mixed Platforms.Build.0 = Release (.Net 4.0)|Any CPU
		{217E2D34-F6DF-431B-AC5A-B368F481A530}.Release (.Net 3.5)|x86.ActiveCfg = Release (.Net 4.0)|Any CPU
		{217E2D34-F6DF-431B-AC5A-B368F481A530}.Release (.Net 4.0)|Any CPU.ActiveCfg = Release (.Net 4.0)|Any CPU
		{217E2D34-F6DF-431B-AC5A-B368F481A530}.Release (.Net 4.0)|Any CPU.Build.0 = Release (.Net 4.0)|Any CPU
		{217E2D34-F6DF-431B-AC5A-B368F481A530}.Release (.Net 4.0)|Mixed Platforms.ActiveCfg = Release (.Net 4.0)|Any CPU
		{217E2D34-F6DF-431B-AC5A-B368F481A530}.Release (.Net 4.0)|Mixed Platforms.Build.0 = Release (.Net 4.0)|Any CPU
		{217E2D34-F6DF-431B-AC5A-B368F481A530}.Release (.Net 4.0)|x86.ActiveCfg = Release (.Net 4.0)|Any CPU
		{217E2D34-F6DF-431B-AC5A-B368F481A530}.Release|Any CPU.ActiveCfg = Release (.Net 4.0)|Any CPU
		{217E2D34-F6DF-431B-AC5A-B368F481A530}.Release|Any CPU.Build.0 = Release (.Net 4.0)|Any CPU
		{217E2D34-F6DF-431B-AC5A-B368F481A530}.Release|Mixed Platforms.ActiveCfg = Release (.Net 4.0)|Any CPU
		{217E2D34-F6DF-431B-AC5A-B368F481A530}.Release|Mixed Platforms.Build.0 = Release (.Net 4.0)|Any CPU
		{217E2D34-F6DF-431B-AC5A-B368F481A530}.Release|x86.ActiveCfg = Release (.Net 4.0)|Any CPU
		{D6E231B3-28D9-4F73-9586-738FB528B4DB}.AutomatedDebug|Any CPU.ActiveCfg = Release (.Net 3.5)|Any CPU
		{D6E231B3-28D9-4F73-9586-738FB528B4DB}.AutomatedDebug|Any CPU.Build.0 = Release (.Net 3.5)|Any CPU
		{D6E231B3-28D9-4F73-9586-738FB528B4DB}.AutomatedDebug|Mixed Platforms.ActiveCfg = Release (.Net 3.5)|Any CPU
		{D6E231B3-28D9-4F73-9586-738FB528B4DB}.AutomatedDebug|Mixed Platforms.Build.0 = Release (.Net 3.5)|Any CPU
		{D6E231B3-28D9-4F73-9586-738FB528B4DB}.AutomatedDebug|x86.ActiveCfg = Release (.Net 3.5)|Any CPU
		{D6E231B3-28D9-4F73-9586-738FB528B4DB}.ChromeTesting|Any CPU.ActiveCfg = ChromeTesting|Any CPU
		{D6E231B3-28D9-4F73-9586-738FB528B4DB}.ChromeTesting|Any CPU.Build.0 = ChromeTesting|Any CPU
		{D6E231B3-28D9-4F73-9586-738FB528B4DB}.ChromeTesting|Mixed Platforms.ActiveCfg = ChromeTesting|Any CPU
		{D6E231B3-28D9-4F73-9586-738FB528B4DB}.ChromeTesting|Mixed Platforms.Build.0 = ChromeTesting|Any CPU
		{D6E231B3-28D9-4F73-9586-738FB528B4DB}.ChromeTesting|x86.ActiveCfg = ChromeTesting|Any CPU
		{D6E231B3-28D9-4F73-9586-738FB528B4DB}.Debug (.Net 3.5)|Any CPU.ActiveCfg = Debug (.Net 3.5)|Any CPU
		{D6E231B3-28D9-4F73-9586-738FB528B4DB}.Debug (.Net 3.5)|Any CPU.Build.0 = Debug (.Net 3.5)|Any CPU
		{D6E231B3-28D9-4F73-9586-738FB528B4DB}.Debug (.Net 3.5)|Mixed Platforms.ActiveCfg = Debug (.Net 3.5)|Any CPU
		{D6E231B3-28D9-4F73-9586-738FB528B4DB}.Debug (.Net 3.5)|Mixed Platforms.Build.0 = Debug (.Net 3.5)|Any CPU
		{D6E231B3-28D9-4F73-9586-738FB528B4DB}.Debug (.Net 3.5)|x86.ActiveCfg = Debug (.Net 3.5)|Any CPU
		{D6E231B3-28D9-4F73-9586-738FB528B4DB}.Debug (.Net 4.0)|Any CPU.ActiveCfg = Debug (.Net 4.0)|Any CPU
		{D6E231B3-28D9-4F73-9586-738FB528B4DB}.Debug (.Net 4.0)|Any CPU.Build.0 = Debug (.Net 4.0)|Any CPU
		{D6E231B3-28D9-4F73-9586-738FB528B4DB}.Debug (.Net 4.0)|Mixed Platforms.ActiveCfg = Debug (.Net 4.0)|Any CPU
		{D6E231B3-28D9-4F73-9586-738FB528B4DB}.Debug (.Net 4.0)|Mixed Platforms.Build.0 = Debug (.Net 4.0)|Any CPU
		{D6E231B3-28D9-4F73-9586-738FB528B4DB}.Debug (.Net 4.0)|x86.ActiveCfg = Debug (.Net 4.0)|Any CPU
		{D6E231B3-28D9-4F73-9586-738FB528B4DB}.Debug|Any CPU.ActiveCfg = Debug (.Net 3.5)|Any CPU
		{D6E231B3-28D9-4F73-9586-738FB528B4DB}.Debug|Any CPU.Build.0 = Debug (.Net 3.5)|Any CPU
		{D6E231B3-28D9-4F73-9586-738FB528B4DB}.Debug|Mixed Platforms.ActiveCfg = Debug (.Net 3.5)|Any CPU
		{D6E231B3-28D9-4F73-9586-738FB528B4DB}.Debug|Mixed Platforms.Build.0 = Debug (.Net 3.5)|Any CPU
		{D6E231B3-28D9-4F73-9586-738FB528B4DB}.Debug|x86.ActiveCfg = Debug (.Net 3.5)|Any CPU
		{D6E231B3-28D9-4F73-9586-738FB528B4DB}.Release (.Net 3.5)|Any CPU.ActiveCfg = Release (.Net 3.5)|Any CPU
		{D6E231B3-28D9-4F73-9586-738FB528B4DB}.Release (.Net 3.5)|Any CPU.Build.0 = Release (.Net 3.5)|Any CPU
		{D6E231B3-28D9-4F73-9586-738FB528B4DB}.Release (.Net 3.5)|Mixed Platforms.ActiveCfg = Release (.Net 3.5)|Any CPU
		{D6E231B3-28D9-4F73-9586-738FB528B4DB}.Release (.Net 3.5)|Mixed Platforms.Build.0 = Release (.Net 3.5)|Any CPU
		{D6E231B3-28D9-4F73-9586-738FB528B4DB}.Release (.Net 3.5)|x86.ActiveCfg = Release (.Net 3.5)|Any CPU
		{D6E231B3-28D9-4F73-9586-738FB528B4DB}.Release (.Net 4.0)|Any CPU.ActiveCfg = Release (.Net 4.0)|Any CPU
		{D6E231B3-28D9-4F73-9586-738FB528B4DB}.Release (.Net 4.0)|Any CPU.Build.0 = Release (.Net 4.0)|Any CPU
		{D6E231B3-28D9-4F73-9586-738FB528B4DB}.Release (.Net 4.0)|Mixed Platforms.ActiveCfg = Release (.Net 4.0)|Any CPU
		{D6E231B3-28D9-4F73-9586-738FB528B4DB}.Release (.Net 4.0)|Mixed Platforms.Build.0 = Release (.Net 4.0)|Any CPU
		{D6E231B3-28D9-4F73-9586-738FB528B4DB}.Release (.Net 4.0)|x86.ActiveCfg = Release (.Net 4.0)|Any CPU
		{D6E231B3-28D9-4F73-9586-738FB528B4DB}.Release|Any CPU.ActiveCfg = Release (.Net 3.5)|Any CPU
		{D6E231B3-28D9-4F73-9586-738FB528B4DB}.Release|Any CPU.Build.0 = Release (.Net 3.5)|Any CPU
		{D6E231B3-28D9-4F73-9586-738FB528B4DB}.Release|Mixed Platforms.ActiveCfg = Release (.Net 3.5)|Any CPU
		{D6E231B3-28D9-4F73-9586-738FB528B4DB}.Release|Mixed Platforms.Build.0 = Release (.Net 3.5)|Any CPU
		{D6E231B3-28D9-4F73-9586-738FB528B4DB}.Release|x86.ActiveCfg = Release (.Net 3.5)|Any CPU
		{6D605071-3C41-417B-9B5C-C0948636DBA1}.AutomatedDebug|Any CPU.ActiveCfg = Debug|x86
		{6D605071-3C41-417B-9B5C-C0948636DBA1}.AutomatedDebug|Mixed Platforms.ActiveCfg = Debug|x86
		{6D605071-3C41-417B-9B5C-C0948636DBA1}.AutomatedDebug|Mixed Platforms.Build.0 = Debug|x86
		{6D605071-3C41-417B-9B5C-C0948636DBA1}.AutomatedDebug|x86.ActiveCfg = Debug|x86
		{6D605071-3C41-417B-9B5C-C0948636DBA1}.AutomatedDebug|x86.Build.0 = Debug|x86
		{6D605071-3C41-417B-9B5C-C0948636DBA1}.ChromeTesting|Any CPU.ActiveCfg = Release|x86
		{6D605071-3C41-417B-9B5C-C0948636DBA1}.ChromeTesting|Mixed Platforms.ActiveCfg = Release|x86
		{6D605071-3C41-417B-9B5C-C0948636DBA1}.ChromeTesting|Mixed Platforms.Build.0 = Release|x86
		{6D605071-3C41-417B-9B5C-C0948636DBA1}.ChromeTesting|x86.ActiveCfg = Release|x86
		{6D605071-3C41-417B-9B5C-C0948636DBA1}.ChromeTesting|x86.Build.0 = Release|x86
		{6D605071-3C41-417B-9B5C-C0948636DBA1}.Debug (.Net 3.5)|Any CPU.ActiveCfg = Debug|x86
		{6D605071-3C41-417B-9B5C-C0948636DBA1}.Debug (.Net 3.5)|Mixed Platforms.ActiveCfg = Debug|x86
		{6D605071-3C41-417B-9B5C-C0948636DBA1}.Debug (.Net 3.5)|Mixed Platforms.Build.0 = Debug|x86
		{6D605071-3C41-417B-9B5C-C0948636DBA1}.Debug (.Net 3.5)|x86.ActiveCfg = Debug|x86
		{6D605071-3C41-417B-9B5C-C0948636DBA1}.Debug (.Net 3.5)|x86.Build.0 = Debug|x86
		{6D605071-3C41-417B-9B5C-C0948636DBA1}.Debug (.Net 4.0)|Any CPU.ActiveCfg = Debug|x86
		{6D605071-3C41-417B-9B5C-C0948636DBA1}.Debug (.Net 4.0)|Mixed Platforms.ActiveCfg = Debug|x86
		{6D605071-3C41-417B-9B5C-C0948636DBA1}.Debug (.Net 4.0)|Mixed Platforms.Build.0 = Debug|x86
		{6D605071-3C41-417B-9B5C-C0948636DBA1}.Debug (.Net 4.0)|x86.ActiveCfg = Debug|x86
		{6D605071-3C41-417B-9B5C-C0948636DBA1}.Debug (.Net 4.0)|x86.Build.0 = Debug|x86
		{6D605071-3C41-417B-9B5C-C0948636DBA1}.Debug|Any CPU.ActiveCfg = Debug|x86
		{6D605071-3C41-417B-9B5C-C0948636DBA1}.Debug|Mixed Platforms.ActiveCfg = Debug|x86
		{6D605071-3C41-417B-9B5C-C0948636DBA1}.Debug|Mixed Platforms.Build.0 = Debug|x86
		{6D605071-3C41-417B-9B5C-C0948636DBA1}.Debug|x86.ActiveCfg = Debug|x86
		{6D605071-3C41-417B-9B5C-C0948636DBA1}.Debug|x86.Build.0 = Debug|x86
		{6D605071-3C41-417B-9B5C-C0948636DBA1}.Release (.Net 3.5)|Any CPU.ActiveCfg = Release|x86
		{6D605071-3C41-417B-9B5C-C0948636DBA1}.Release (.Net 3.5)|Mixed Platforms.ActiveCfg = Release|x86
		{6D605071-3C41-417B-9B5C-C0948636DBA1}.Release (.Net 3.5)|Mixed Platforms.Build.0 = Release|x86
		{6D605071-3C41-417B-9B5C-C0948636DBA1}.Release (.Net 3.5)|x86.ActiveCfg = Release|x86
		{6D605071-3C41-417B-9B5C-C0948636DBA1}.Release (.Net 3.5)|x86.Build.0 = Release|x86
		{6D605071-3C41-417B-9B5C-C0948636DBA1}.Release (.Net 4.0)|Any CPU.ActiveCfg = Release|x86
		{6D605071-3C41-417B-9B5C-C0948636DBA1}.Release (.Net 4.0)|Mixed Platforms.ActiveCfg = Release|x86
		{6D605071-3C41-417B-9B5C-C0948636DBA1}.Release (.Net 4.0)|Mixed Platforms.Build.0 = Release|x86
		{6D605071-3C41-417B-9B5C-C0948636DBA1}.Release (.Net 4.0)|x86.ActiveCfg = Release|x86
		{6D605071-3C41-417B-9B5C-C0948636DBA1}.Release (.Net 4.0)|x86.Build.0 = Release|x86
		{6D605071-3C41-417B-9B5C-C0948636DBA1}.Release|Any CPU.ActiveCfg = Release|x86
		{6D605071-3C41-417B-9B5C-C0948636DBA1}.Release|Mixed Platforms.ActiveCfg = Release|x86
		{6D605071-3C41-417B-9B5C-C0948636DBA1}.Release|Mixed Platforms.Build.0 = Release|x86
		{6D605071-3C41-417B-9B5C-C0948636DBA1}.Release|x86.ActiveCfg = Release|x86
		{6D605071-3C41-417B-9B5C-C0948636DBA1}.Release|x86.Build.0 = Release|x86
		{B37780E8-BEA6-4A13-8196-F0F70B6C1616}.AutomatedDebug|Any CPU.ActiveCfg = Debug|x86
		{B37780E8-BEA6-4A13-8196-F0F70B6C1616}.AutomatedDebug|Mixed Platforms.ActiveCfg = Debug|x86
		{B37780E8-BEA6-4A13-8196-F0F70B6C1616}.AutomatedDebug|Mixed Platforms.Build.0 = Debug|x86
		{B37780E8-BEA6-4A13-8196-F0F70B6C1616}.AutomatedDebug|x86.ActiveCfg = Debug|x86
		{B37780E8-BEA6-4A13-8196-F0F70B6C1616}.AutomatedDebug|x86.Build.0 = Debug|x86
		{B37780E8-BEA6-4A13-8196-F0F70B6C1616}.ChromeTesting|Any CPU.ActiveCfg = Release|x86
		{B37780E8-BEA6-4A13-8196-F0F70B6C1616}.ChromeTesting|Mixed Platforms.ActiveCfg = Release|x86
		{B37780E8-BEA6-4A13-8196-F0F70B6C1616}.ChromeTesting|Mixed Platforms.Build.0 = Release|x86
		{B37780E8-BEA6-4A13-8196-F0F70B6C1616}.ChromeTesting|x86.ActiveCfg = Release|x86
		{B37780E8-BEA6-4A13-8196-F0F70B6C1616}.ChromeTesting|x86.Build.0 = Release|x86
		{B37780E8-BEA6-4A13-8196-F0F70B6C1616}.Debug (.Net 3.5)|Any CPU.ActiveCfg = Debug|x86
		{B37780E8-BEA6-4A13-8196-F0F70B6C1616}.Debug (.Net 3.5)|Mixed Platforms.ActiveCfg = Debug|x86
		{B37780E8-BEA6-4A13-8196-F0F70B6C1616}.Debug (.Net 3.5)|Mixed Platforms.Build.0 = Debug|x86
		{B37780E8-BEA6-4A13-8196-F0F70B6C1616}.Debug (.Net 3.5)|x86.ActiveCfg = Debug|x86
		{B37780E8-BEA6-4A13-8196-F0F70B6C1616}.Debug (.Net 3.5)|x86.Build.0 = Debug|x86
		{B37780E8-BEA6-4A13-8196-F0F70B6C1616}.Debug (.Net 4.0)|Any CPU.ActiveCfg = Debug|x86
		{B37780E8-BEA6-4A13-8196-F0F70B6C1616}.Debug (.Net 4.0)|Mixed Platforms.ActiveCfg = Debug|x86
		{B37780E8-BEA6-4A13-8196-F0F70B6C1616}.Debug (.Net 4.0)|Mixed Platforms.Build.0 = Debug|x86
		{B37780E8-BEA6-4A13-8196-F0F70B6C1616}.Debug (.Net 4.0)|x86.ActiveCfg = Debug|x86
		{B37780E8-BEA6-4A13-8196-F0F70B6C1616}.Debug (.Net 4.0)|x86.Build.0 = Debug|x86
		{B37780E8-BEA6-4A13-8196-F0F70B6C1616}.Debug|Any CPU.ActiveCfg = Debug|x86
		{B37780E8-BEA6-4A13-8196-F0F70B6C1616}.Debug|Mixed Platforms.ActiveCfg = Debug|x86
		{B37780E8-BEA6-4A13-8196-F0F70B6C1616}.Debug|Mixed Platforms.Build.0 = Debug|x86
		{B37780E8-BEA6-4A13-8196-F0F70B6C1616}.Debug|x86.ActiveCfg = Debug|x86
		{B37780E8-BEA6-4A13-8196-F0F70B6C1616}.Debug|x86.Build.0 = Debug|x86
		{B37780E8-BEA6-4A13-8196-F0F70B6C1616}.Release (.Net 3.5)|Any CPU.ActiveCfg = Release|x86
		{B37780E8-BEA6-4A13-8196-F0F70B6C1616}.Release (.Net 3.5)|Mixed Platforms.ActiveCfg = Release|x86
		{B37780E8-BEA6-4A13-8196-F0F70B6C1616}.Release (.Net 3.5)|Mixed Platforms.Build.0 = Release|x86
		{B37780E8-BEA6-4A13-8196-F0F70B6C1616}.Release (.Net 3.5)|x86.ActiveCfg = Release|x86
		{B37780E8-BEA6-4A13-8196-F0F70B6C1616}.Release (.Net 3.5)|x86.Build.0 = Release|x86
		{B37780E8-BEA6-4A13-8196-F0F70B6C1616}.Release (.Net 4.0)|Any CPU.ActiveCfg = Release|x86
		{B37780E8-BEA6-4A13-8196-F0F70B6C1616}.Release (.Net 4.0)|Mixed Platforms.ActiveCfg = Release|x86
		{B37780E8-BEA6-4A13-8196-F0F70B6C1616}.Release (.Net 4.0)|Mixed Platforms.Build.0 = Release|x86
		{B37780E8-BEA6-4A13-8196-F0F70B6C1616}.Release (.Net 4.0)|x86.ActiveCfg = Release|x86
		{B37780E8-BEA6-4A13-8196-F0F70B6C1616}.Release (.Net 4.0)|x86.Build.0 = Release|x86
		{B37780E8-BEA6-4A13-8196-F0F70B6C1616}.Release|Any CPU.ActiveCfg = Release|x86
		{B37780E8-BEA6-4A13-8196-F0F70B6C1616}.Release|Mixed Platforms.ActiveCfg = Release|x86
		{B37780E8-BEA6-4A13-8196-F0F70B6C1616}.Release|Mixed Platforms.Build.0 = Release|x86
		{B37780E8-BEA6-4A13-8196-F0F70B6C1616}.Release|x86.ActiveCfg = Release|x86
		{B37780E8-BEA6-4A13-8196-F0F70B6C1616}.Release|x86.Build.0 = Release|x86
		{FF4445C1-5B48-431D-8BCA-55941B846FE4}.AutomatedDebug|Any CPU.ActiveCfg = Debug|Any CPU
		{FF4445C1-5B48-431D-8BCA-55941B846FE4}.AutomatedDebug|Any CPU.Build.0 = Debug|Any CPU
		{FF4445C1-5B48-431D-8BCA-55941B846FE4}.AutomatedDebug|Mixed Platforms.ActiveCfg = Debug|Any CPU
		{FF4445C1-5B48-431D-8BCA-55941B846FE4}.AutomatedDebug|Mixed Platforms.Build.0 = Debug|Any CPU
		{FF4445C1-5B48-431D-8BCA-55941B846FE4}.AutomatedDebug|x86.ActiveCfg = Debug|Any CPU
		{FF4445C1-5B48-431D-8BCA-55941B846FE4}.ChromeTesting|Any CPU.ActiveCfg = Release|Any CPU
		{FF4445C1-5B48-431D-8BCA-55941B846FE4}.ChromeTesting|Any CPU.Build.0 = Release|Any CPU
		{FF4445C1-5B48-431D-8BCA-55941B846FE4}.ChromeTesting|Mixed Platforms.ActiveCfg = Release|Any CPU
		{FF4445C1-5B48-431D-8BCA-55941B846FE4}.ChromeTesting|Mixed Platforms.Build.0 = Release|Any CPU
		{FF4445C1-5B48-431D-8BCA-55941B846FE4}.ChromeTesting|x86.ActiveCfg = Release|Any CPU
		{FF4445C1-5B48-431D-8BCA-55941B846FE4}.Debug (.Net 3.5)|Any CPU.ActiveCfg = Debug|Any CPU
		{FF4445C1-5B48-431D-8BCA-55941B846FE4}.Debug (.Net 3.5)|Any CPU.Build.0 = Debug|Any CPU
		{FF4445C1-5B48-431D-8BCA-55941B846FE4}.Debug (.Net 3.5)|Mixed Platforms.ActiveCfg = Debug|Any CPU
		{FF4445C1-5B48-431D-8BCA-55941B846FE4}.Debug (.Net 3.5)|Mixed Platforms.Build.0 = Debug|Any CPU
		{FF4445C1-5B48-431D-8BCA-55941B846FE4}.Debug (.Net 3.5)|x86.ActiveCfg = Debug|Any CPU
		{FF4445C1-5B48-431D-8BCA-55941B846FE4}.Debug (.Net 4.0)|Any CPU.ActiveCfg = Debug|Any CPU
		{FF4445C1-5B48-431D-8BCA-55941B846FE4}.Debug (.Net 4.0)|Any CPU.Build.0 = Debug|Any CPU
		{FF4445C1-5B48-431D-8BCA-55941B846FE4}.Debug (.Net 4.0)|Mixed Platforms.ActiveCfg = Debug|Any CPU
		{FF4445C1-5B48-431D-8BCA-55941B846FE4}.Debug (.Net 4.0)|Mixed Platforms.Build.0 = Debug|Any CPU
		{FF4445C1-5B48-431D-8BCA-55941B846FE4}.Debug (.Net 4.0)|x86.ActiveCfg = Debug|Any CPU
		{FF4445C1-5B48-431D-8BCA-55941B846FE4}.Debug|Any CPU.ActiveCfg = Debug|Any CPU
		{FF4445C1-5B48-431D-8BCA-55941B846FE4}.Debug|Any CPU.Build.0 = Debug|Any CPU
		{FF4445C1-5B48-431D-8BCA-55941B846FE4}.Debug|Mixed Platforms.ActiveCfg = Debug|Any CPU
		{FF4445C1-5B48-431D-8BCA-55941B846FE4}.Debug|Mixed Platforms.Build.0 = Debug|Any CPU
		{FF4445C1-5B48-431D-8BCA-55941B846FE4}.Debug|x86.ActiveCfg = Debug|Any CPU
		{FF4445C1-5B48-431D-8BCA-55941B846FE4}.Release (.Net 3.5)|Any CPU.ActiveCfg = Release|Any CPU
		{FF4445C1-5B48-431D-8BCA-55941B846FE4}.Release (.Net 3.5)|Any CPU.Build.0 = Release|Any CPU
		{FF4445C1-5B48-431D-8BCA-55941B846FE4}.Release (.Net 3.5)|Mixed Platforms.ActiveCfg = Release|Any CPU
		{FF4445C1-5B48-431D-8BCA-55941B846FE4}.Release (.Net 3.5)|Mixed Platforms.Build.0 = Release|Any CPU
		{FF4445C1-5B48-431D-8BCA-55941B846FE4}.Release (.Net 3.5)|x86.ActiveCfg = Release|Any CPU
		{FF4445C1-5B48-431D-8BCA-55941B846FE4}.Release (.Net 4.0)|Any CPU.ActiveCfg = Release|Any CPU
		{FF4445C1-5B48-431D-8BCA-55941B846FE4}.Release (.Net 4.0)|Any CPU.Build.0 = Release|Any CPU
		{FF4445C1-5B48-431D-8BCA-55941B846FE4}.Release (.Net 4.0)|Mixed Platforms.ActiveCfg = Release|Any CPU
		{FF4445C1-5B48-431D-8BCA-55941B846FE4}.Release (.Net 4.0)|Mixed Platforms.Build.0 = Release|Any CPU
		{FF4445C1-5B48-431D-8BCA-55941B846FE4}.Release (.Net 4.0)|x86.ActiveCfg = Release|Any CPU
		{FF4445C1-5B48-431D-8BCA-55941B846FE4}.Release|Any CPU.ActiveCfg = Release|Any CPU
		{FF4445C1-5B48-431D-8BCA-55941B846FE4}.Release|Any CPU.Build.0 = Release|Any CPU
		{FF4445C1-5B48-431D-8BCA-55941B846FE4}.Release|Mixed Platforms.ActiveCfg = Release|Any CPU
		{FF4445C1-5B48-431D-8BCA-55941B846FE4}.Release|Mixed Platforms.Build.0 = Release|Any CPU
		{FF4445C1-5B48-431D-8BCA-55941B846FE4}.Release|x86.ActiveCfg = Release|Any CPU
	EndGlobalSection
	GlobalSection(SolutionProperties) = preSolution
		HideSolutionNode = FALSE
	EndGlobalSection
EndGlobal
